
Microsoft Visual Studio Solution File, Format Version 12.00
# Visual Studio Version 17
VisualStudioVersion = 17.10.35122.118
MinimumVisualStudioVersion = 10.0.40219.1
Project("{C9674DCB-5085-4A16-B785-4C70DD1589BD}") = "P3_AC16082", "P3_AC16082.dtproj", "{3B93368F-97BD-4556-92AD-7B6BD439B51F}"
EndProject
Global
	GlobalSection(SolutionConfigurationPlatforms) = preSolution
		Development|Default = Development|Default
	EndGlobalSection
	GlobalSection(ProjectConfigurationPlatforms) = postSolution
		{3B93368F-97BD-4556-92AD-7B6BD439B51F}.Development|Default.ActiveCfg = Development
		{3B93368F-97BD-4556-92AD-7B6BD439B51F}.Development|Default.Build.0 = Development
	EndGlobalSection
	GlobalSection(SolutionProperties) = preSolution
		HideSolutionNode = FALSE
	EndGlobalSection
	GlobalSection(ExtensibilityGlobals) = postSolution
		SolutionGuid = {720FD664-1DC1-4FAB-A192-2C0B34460FE0}
	EndGlobalSection
EndGlobal
